// !$*UTF8*$!
{
	archiveVersion = 1;
	classes = {
	};
	objectVersion = 50;
	objects = {

/* Begin PBXBuildFile section */
		D2887EB924336DAC00BFAC3E /* AppDelegate.swift in Sources */ = {isa = PBXBuildFile; fileRef = D2887EB824336DAC00BFAC3E /* AppDelegate.swift */; };
		D2887EBB24336DAC00BFAC3E /* SceneDelegate.swift in Sources */ = {isa = PBXBuildFile; fileRef = D2887EBA24336DAC00BFAC3E /* SceneDelegate.swift */; };
		D2887EC024336DAC00BFAC3E /* Main.storyboard in Resources */ = {isa = PBXBuildFile; fileRef = D2887EBE24336DAC00BFAC3E /* Main.storyboard */; };
		D2887EC224336DAD00BFAC3E /* Assets.xcassets in Resources */ = {isa = PBXBuildFile; fileRef = D2887EC124336DAD00BFAC3E /* Assets.xcassets */; };
		D2887EC524336DAD00BFAC3E /* LaunchScreen.storyboard in Resources */ = {isa = PBXBuildFile; fileRef = D2887EC324336DAD00BFAC3E /* LaunchScreen.storyboard */; };
		D2887ECD24336DC900BFAC3E /* ViewController.swift in Sources */ = {isa = PBXBuildFile; fileRef = D2887ECC24336DC900BFAC3E /* ViewController.swift */; };
/* End PBXBuildFile section */

/* Begin PBXFileReference section */
		D2887EB524336DAC00BFAC3E /* rMove Trips.app */ = {isa = PBXFileReference; explicitFileType = wrapper.application; includeInIndex = 0; path = "rMove Trips.app"; sourceTree = BUILT_PRODUCTS_DIR; };
		D2887EB824336DAC00BFAC3E /* AppDelegate.swift */ = {isa = PBXFileReference; lastKnownFileType = sourcecode.swift; path = AppDelegate.swift; sourceTree = "<group>"; };
		D2887EBA24336DAC00BFAC3E /* SceneDelegate.swift */ = {isa = PBXFileReference; lastKnownFileType = sourcecode.swift; path = SceneDelegate.swift; sourceTree = "<group>"; };
		D2887EBF24336DAC00BFAC3E /* Base */ = {isa = PBXFileReference; lastKnownFileType = file.storyboard; name = Base; path = Base.lproj/Main.storyboard; sourceTree = "<group>"; };
		D2887EC124336DAD00BFAC3E /* Assets.xcassets */ = {isa = PBXFileReference; lastKnownFileType = folder.assetcatalog; path = Assets.xcassets; sourceTree = "<group>"; };
		D2887EC424336DAD00BFAC3E /* Base */ = {isa = PBXFileReference; lastKnownFileType = file.storyboard; name = Base; path = Base.lproj/LaunchScreen.storyboard; sourceTree = "<group>"; };
		D2887EC624336DAD00BFAC3E /* Info.plist */ = {isa = PBXFileReference; lastKnownFileType = text.plist.xml; path = Info.plist; sourceTree = "<group>"; };
		D2887ECC24336DC900BFAC3E /* ViewController.swift */ = {isa = PBXFileReference; fileEncoding = 4; lastKnownFileType = sourcecode.swift; path = ViewController.swift; sourceTree = "<group>"; };
/* End PBXFileReference section */

/* Begin PBXFrameworksBuildPhase section */
		D2887EB224336DAC00BFAC3E /* Frameworks */ = {
			isa = PBXFrameworksBuildPhase;
			buildActionMask = 2147483647;
			files = (
			);
			runOnlyForDeploymentPostprocessing = 0;
		};
/* End PBXFrameworksBuildPhase section */

/* Begin PBXGroup section */
		D2887EAC24336DAC00BFAC3E = {
			isa = PBXGroup;
			children = (
				D2887EB724336DAC00BFAC3E /* rMove Trips */,
				D2887EB624336DAC00BFAC3E /* Products */,
			);
			sourceTree = "<group>";
		};
		D2887EB624336DAC00BFAC3E /* Products */ = {
			isa = PBXGroup;
			children = (
				D2887EB524336DAC00BFAC3E /* rMove Trips.app */,
			);
			name = Products;
			sourceTree = "<group>";
		};
		D2887EB724336DAC00BFAC3E /* rMove Trips */ = {
			isa = PBXGroup;
			children = (
				D2887EC624336DAD00BFAC3E /* Info.plist */,
				D2887ECC24336DC900BFAC3E /* ViewController.swift */,
				D2887EB824336DAC00BFAC3E /* AppDelegate.swift */,
				D2887EBA24336DAC00BFAC3E /* SceneDelegate.swift */,
				D2887EBE24336DAC00BFAC3E /* Main.storyboard */,
				D2887EC124336DAD00BFAC3E /* Assets.xcassets */,
				D2887EC324336DAD00BFAC3E /* LaunchScreen.storyboard */,
			);
			path = "rMove Trips";
			sourceTree = "<group>";
		};
/* End PBXGroup section */

/* Begin PBXNativeTarget section */
		D2887EB424336DAC00BFAC3E /* rMove Trips */ = {
			isa = PBXNativeTarget;
			buildConfigurationList = D2887EC924336DAD00BFAC3E /* Build configuration list for PBXNativeTarget "rMove Trips" */;
			buildPhases = (
				D2887EB124336DAC00BFAC3E /* Sources */,
				D2887EB224336DAC00BFAC3E /* Frameworks */,
				D2887EB324336DAC00BFAC3E /* Resources */,
			);
			buildRules = (
			);
			dependencies = (
			);
			name = "rMove Trips";
			productName = "rMove Trips";
			productReference = D2887EB524336DAC00BFAC3E /* rMove Trips.app */;
			productType = "com.apple.product-type.application";
		};
/* End PBXNativeTarget section */

/* Begin PBXProject section */
		D2887EAD24336DAC00BFAC3E /* Project object */ = {
			isa = PBXProject;
			attributes = {
				LastSwiftUpdateCheck = 1140;
				LastUpgradeCheck = 1140;
				ORGANIZATIONNAME = "Michael Geilich";
				TargetAttributes = {
					D2887EB424336DAC00BFAC3E = {
						CreatedOnToolsVersion = 11.4;
					};
				};
			};
			buildConfigurationList = D2887EB024336DAC00BFAC3E /* Build configuration list for PBXProject "rMove Trips" */;
			compatibilityVersion = "Xcode 9.3";
			developmentRegion = en;
			hasScannedForEncodings = 0;
			knownRegions = (
				en,
				Base,
			);
			mainGroup = D2887EAC24336DAC00BFAC3E;
			productRefGroup = D2887EB624336DAC00BFAC3E /* Products */;
			projectDirPath = "";
			projectRoot = "";
			targets = (
				D2887EB424336DAC00BFAC3E /* rMove Trips */,
			);
		};
/* End PBXProject section */

/* Begin PBXResourcesBuildPhase section */
		D2887EB324336DAC00BFAC3E /* Resources */ = {
			isa = PBXResourcesBuildPhase;
			buildActionMask = 2147483647;
			files = (
				D2887EC524336DAD00BFAC3E /* LaunchScreen.storyboard in Resources */,
				D2887EC224336DAD00BFAC3E /* Assets.xcassets in Resources */,
				D2887EC024336DAC00BFAC3E /* Main.storyboard in Resources */,
			);
			runOnlyForDeploymentPostprocessing = 0;
		};
/* End PBXResourcesBuildPhase section */

/* Begin PBXSourcesBuildPhase section */
		D2887EB124336DAC00BFAC3E /* Sources */ = {
			isa = PBXSourcesBuildPhase;
			buildActionMask = 2147483647;
			files = (
				D2887ECD24336DC900BFAC3E /* ViewController.swift in Sources */,
				D2887EB924336DAC00BFAC3E /* AppDelegate.swift in Sources */,
				D2887EBB24336DAC00BFAC3E /* SceneDelegate.swift in Sources */,
			);
			runOnlyForDeploymentPostprocessing = 0;
		};
/* End PBXSourcesBuildPhase section */

/* Begin PBXVariantGroup section */
		D2887EBE24336DAC00BFAC3E /* Main.storyboard */ = {
			isa = PBXVariantGroup;
			children = (
				D2887EBF24336DAC00BFAC3E /* Base */,
			);
			name = Main.storyboard;
			sourceTree = "<group>";
		};
		D2887EC324336DAD00BFAC3E /* LaunchScreen.storyboard */ = {
			isa = PBXVariantGroup;
			children = (
				D2887EC424336DAD00BFAC3E /* Base */,
			);
			name = LaunchScreen.storyboard;
			sourceTree = "<group>";
		};
/* End PBXVariantGroup section */

/* Begin XCBuildConfiguration section */
		D2887EC724336DAD00BFAC3E /* Debug */ = {
			isa = XCBuildConfiguration;
			buildSettings = {
				ALWAYS_SEARCH_USER_PATHS = NO;
				CLANG_ANALYZER_NONNULL = YES;
				CLANG_ANALYZER_NUMBER_OBJECT_CONVERSION = YES_AGGRESSIVE;
				CLANG_CXX_LANGUAGE_STANDARD = "gnu++14";
				CLANG_CXX_LIBRARY = "libc++";
				CLANG_ENABLE_MODULES = YES;
				CLANG_ENABLE_OBJC_ARC = YES;
				CLANG_ENABLE_OBJC_WEAK = YES;
				CLANG_WARN_BLOCK_CAPTURE_AUTORELEASING = YES;
				CLANG_WARN_BOOL_CONVERSION = YES;
				CLANG_WARN_COMMA = YES;
				CLANG_WARN_CONSTANT_CONVERSION = YES;
				CLANG_WARN_DEPRECATED_OBJC_IMPLEMENTATIONS = YES;
				CLANG_WARN_DIRECT_OBJC_ISA_USAGE = YES_ERROR;
				CLANG_WARN_DOCUMENTATION_COMMENTS = YES;
				CLANG_WARN_EMPTY_BODY = YES;
				CLANG_WARN_ENUM_CONVERSION = YES;
				CLANG_WARN_INFINITE_RECURSION = YES;
				CLANG_WARN_INT_CONVERSION = YES;
				CLANG_WARN_NON_LITERAL_NULL_CONVERSION = YES;
				CLANG_WARN_OBJC_IMPLICIT_RETAIN_SELF = YES;
				CLANG_WARN_OBJC_LITERAL_CONVERSION = YES;
				CLANG_WARN_OBJC_ROOT_CLASS = YES_ERROR;
				CLANG_WARN_RANGE_LOOP_ANALYSIS = YES;
				CLANG_WARN_STRICT_PROTOTYPES = YES;
				CLANG_WARN_SUSPICIOUS_MOVE = YES;
				CLANG_WARN_UNGUARDED_AVAILABILITY = YES_AGGRESSIVE;
				CLANG_WARN_UNREACHABLE_CODE = YES;
				CLANG_WARN__DUPLICATE_METHOD_MATCH = YES;
				COPY_PHASE_STRIP = NO;
				DEBUG_INFORMATION_FORMAT = dwarf;
				ENABLE_STRICT_OBJC_MSGSEND = YES;
				ENABLE_TESTABILITY = YES;
				GCC_C_LANGUAGE_STANDARD = gnu11;
				GCC_DYNAMIC_NO_PIC = NO;
				GCC_NO_COMMON_BLOCKS = YES;
				GCC_OPTIMIZATION_LEVEL = 0;
				GCC_PREPROCESSOR_DEFINITIONS = (
					"DEBUG=1",
					"$(inherited)",
				);
				GCC_WARN_64_TO_32_BIT_CONVERSION = YES;
				GCC_WARN_ABOUT_RETURN_TYPE = YES_ERROR;
				GCC_WARN_UNDECLARED_SELECTOR = YES;
				GCC_WARN_UNINITIALIZED_AUTOS = YES_AGGRESSIVE;
				GCC_WARN_UNUSED_FUNCTION = YES;
				GCC_WARN_UNUSED_VARIABLE = YES;
				IPHONEOS_DEPLOYMENT_TARGET = 13.4;
				MTL_ENABLE_DEBUG_INFO = INCLUDE_SOURCE;
				MTL_FAST_MATH = YES;
				ONLY_ACTIVE_ARCH = YES;
				SDKROOT = iphoneos;
				SWIFT_ACTIVE_COMPILATION_CONDITIONS = DEBUG;
				SWIFT_OPTIMIZATION_LEVEL = "-Onone";
			};
			name = Debug;
		};
		D2887EC824336DAD00BFAC3E /* Release */ = {
			isa = XCBuildConfiguration;
			buildSettings = {
				ALWAYS_SEARCH_USER_PATHS = NO;
				CLANG_ANALYZER_NONNULL = YES;
				CLANG_ANALYZER_NUMBER_OBJECT_CONVERSION = YES_AGGRESSIVE;
				CLANG_CXX_LANGUAGE_STANDARD = "gnu++14";
				CLANG_CXX_LIBRARY = "libc++";
				CLANG_ENABLE_MODULES = YES;
				CLANG_ENABLE_OBJC_ARC = YES;
				CLANG_ENABLE_OBJC_WEAK = YES;
				CLANG_WARN_BLOCK_CAPTURE_AUTORELEASING = YES;
				CLANG_WARN_BOOL_CONVERSION = YES;
				CLANG_WARN_COMMA = YES;
				CLANG_WARN_CONSTANT_CONVERSION = YES;
				CLANG_WARN_DEPRECATED_OBJC_IMPLEMENTATIONS = YES;
				CLANG_WARN_DIRECT_OBJC_ISA_USAGE = YES_ERROR;
				CLANG_WARN_DOCUMENTATION_COMMENTS = YES;
				CLANG_WARN_EMPTY_BODY = YES;
				CLANG_WARN_ENUM_CONVERSION = YES;
				CLANG_WARN_INFINITE_RECURSION = YES;
				CLANG_WARN_INT_CONVERSION = YES;
				CLANG_WARN_NON_LITERAL_NULL_CONVERSION = YES;
				CLANG_WARN_OBJC_IMPLICIT_RETAIN_SELF = YES;
				CLANG_WARN_OBJC_LITERAL_CONVERSION = YES;
				CLANG_WARN_OBJC_ROOT_CLASS = YES_ERROR;
				CLANG_WARN_RANGE_LOOP_ANALYSIS = YES;
				CLANG_WARN_STRICT_PROTOTYPES = YES;
				CLANG_WARN_SUSPICIOUS_MOVE = YES;
				CLANG_WARN_UNGUARDED_AVAILABILITY = YES_AGGRESSIVE;
				CLANG_WARN_UNREACHABLE_CODE = YES;
				CLANG_WARN__DUPLICATE_METHOD_MATCH = YES;
				COPY_PHASE_STRIP = NO;
				DEBUG_INFORMATION_FORMAT = "dwarf-with-dsym";
				ENABLE_NS_ASSERTIONS = NO;
				ENABLE_STRICT_OBJC_MSGSEND = YES;
				GCC_C_LANGUAGE_STANDARD = gnu11;
				GCC_NO_COMMON_BLOCKS = YES;
				GCC_WARN_64_TO_32_BIT_CONVERSION = YES;
				GCC_WARN_ABOUT_RETURN_TYPE = YES_ERROR;
				GCC_WARN_UNDECLARED_SELECTOR = YES;
				GCC_WARN_UNINITIALIZED_AUTOS = YES_AGGRESSIVE;
				GCC_WARN_UNUSED_FUNCTION = YES;
				GCC_WARN_UNUSED_VARIABLE = YES;
				IPHONEOS_DEPLOYMENT_TARGET = 13.4;
				MTL_ENABLE_DEBUG_INFO = NO;
				MTL_FAST_MATH = YES;
				SDKROOT = iphoneos;
				SWIFT_COMPILATION_MODE = wholemodule;
				SWIFT_OPTIMIZATION_LEVEL = "-O";
				VALIDATE_PRODUCT = YES;
			};
			name = Release;
		};
		D2887ECA24336DAD00BFAC3E /* Debug */ = {
			isa = XCBuildConfiguration;
			buildSettings = {
				ASSETCATALOG_COMPILER_APPICON_NAME = AppIcon;
				CODE_SIGN_STYLE = Automatic;
				CURRENT_PROJECT_VERSION = 2;
				DEVELOPMENT_TEAM = L3JVAZ2W7E;
				INFOPLIST_FILE = "rMove Trips/Info.plist";
				IPHONEOS_DEPLOYMENT_TARGET = 11.0;
				LD_RUNPATH_SEARCH_PATHS = (
					"$(inherited)",
					"@executable_path/Frameworks",
				);
				PRODUCT_BUNDLE_IDENTIFIER = "com.rsginc.rMove-Trips";
				PRODUCT_NAME = "$(TARGET_NAME)";
				SWIFT_VERSION = 5.0;
				TARGETED_DEVICE_FAMILY = 1;
			};
			name = Debug;
		};
		D2887ECB24336DAD00BFAC3E /* Release */ = {
			isa = XCBuildConfiguration;
			buildSettings = {
				ASSETCATALOG_COMPILER_APPICON_NAME = AppIcon;
				CODE_SIGN_STYLE = Automatic;
				CURRENT_PROJECT_VERSION = 2;
				DEVELOPMENT_TEAM = L3JVAZ2W7E;
				INFOPLIST_FILE = "rMove Trips/Info.plist";
				IPHONEOS_DEPLOYMENT_TARGET = 11.0;
				LD_RUNPATH_SEARCH_PATHS = (
					"$(inherited)",
					"@executable_path/Frameworks",
				);
				PRODUCT_BUNDLE_IDENTIFIER = "com.rsginc.rMove-Trips";
				PRODUCT_NAME = "$(TARGET_NAME)";
				SWIFT_VERSION = 5.0;
				TARGETED_DEVICE_FAMILY = 1;
			};
			name = Release;
		};
/* End XCBuildConfiguration section */

/* Begin XCConfigurationList section */
		D2887EB024336DAC00BFAC3E /* Build configuration list for PBXProject "rMove Trips" */ = {
			isa = XCConfigurationList;
			buildConfigurations = (
				D2887EC724336DAD00BFAC3E /* Debug */,
				D2887EC824336DAD00BFAC3E /* Release */,
			);
			defaultConfigurationIsVisible = 0;
			defaultConfigurationName = Release;
		};
		D2887EC924336DAD00BFAC3E /* Build configuration list for PBXNativeTarget "rMove Trips" */ = {
			isa = XCConfigurationList;
			buildConfigurations = (
				D2887ECA24336DAD00BFAC3E /* Debug */,
				D2887ECB24336DAD00BFAC3E /* Release */,
			);
			defaultConfigurationIsVisible = 0;
			defaultConfigurationName = Release;
		};
/* End XCConfigurationList section */
	};
	rootObject = D2887EAD24336DAC00BFAC3E /* Project object */;
}
